
Microsoft Visual Studio Solution File, Format Version 12.00
# Visual Studio Version 17
VisualStudioVersion = 17.0.31903.59
MinimumVisualStudioVersion = 10.0.40219.1
Project("{2150E333-8FDC-42A3-9474-1A3956D46DE8}") = "lib", "lib", "{3A8DF596-E814-FECC-DD4B-D8EF8AAC1A0D}"
EndProject
Project("{FAE04EC0-301F-11D3-BF4B-00C04F79EFBC}") = "EasyAF.Core", "lib\EasyAF.Core\EasyAF.Core.csproj", "{F1F90E00-135C-4250-8B8F-F7B53967013C}"
EndProject
Project("{2150E333-8FDC-42A3-9474-1A3956D46DE8}") = "app", "app", "{F95F473B-E98A-ACD6-1986-755F447BE36F}"
EndProject
Project("{FAE04EC0-301F-11D3-BF4B-00C04F79EFBC}") = "EasyAF.Shell", "app\EasyAF.Shell\EasyAF.Shell.csproj", "{4B2B3E9F-8737-4DFA-B433-E77319401E44}"
EndProject
Project("{FAE04EC0-301F-11D3-BF4B-00C04F79EFBC}") = "EasyAF.Data", "lib\EasyAF.Data\EasyAF.Data.csproj", "{EBEE9AEA-F418-4C16-88A2-6B4F3BD594F3}"
EndProject
Project("{FAE04EC0-301F-11D3-BF4B-00C04F79EFBC}") = "EasyAF.Import", "lib\EasyAF.Import\EasyAF.Import.csproj", "{6488BFD1-0F41-414D-89FC-30799E41DAE0}"
EndProject
Project("{FAE04EC0-301F-11D3-BF4B-00C04F79EFBC}") = "EasyAF.Export", "lib\EasyAF.Export\EasyAF.Export.csproj", "{76E0279D-EF6E-4525-A529-6CF2343049A5}"
EndProject
Project("{FAE04EC0-301F-11D3-BF4B-00C04F79EFBC}") = "EasyAF.Engine", "lib\EasyAF.Engine\EasyAF.Engine.csproj", "{D3F371C7-FE00-47AE-804B-0C05B70BEBB0}"
EndProject
Project("{2150E333-8FDC-42A3-9474-1A3956D46DE8}") = "modules", "modules", "{CA253913-39DE-BFD0-C9A3-4B7EC6FBDF17}"
EndProject
Project("{FAE04EC0-301F-11D3-BF4B-00C04F79EFBC}") = "EasyAF.Modules.Map", "modules\EasyAF.Modules.Map\EasyAF.Modules.Map.csproj", "{0B7FC2FA-8BBF-4093-8FB7-0438FE143904}"
EndProject
Global
	GlobalSection(SolutionConfigurationPlatforms) = preSolution
		Debug|Any CPU = Debug|Any CPU
		Debug|x64 = Debug|x64
		Debug|x86 = Debug|x86
		Release|Any CPU = Release|Any CPU
		Release|x64 = Release|x64
		Release|x86 = Release|x86
	EndGlobalSection
	GlobalSection(ProjectConfigurationPlatforms) = postSolution
		{F1F90E00-135C-4250-8B8F-F7B53967013C}.Debug|Any CPU.ActiveCfg = Debug|Any CPU
		{F1F90E00-135C-4250-8B8F-F7B53967013C}.Debug|Any CPU.Build.0 = Debug|Any CPU
		{F1F90E00-135C-4250-8B8F-F7B53967013C}.Debug|x64.ActiveCfg = Debug|Any CPU
		{F1F90E00-135C-4250-8B8F-F7B53967013C}.Debug|x64.Build.0 = Debug|Any CPU
		{F1F90E00-135C-4250-8B8F-F7B53967013C}.Debug|x86.ActiveCfg = Debug|Any CPU
		{F1F90E00-135C-4250-8B8F-F7B53967013C}.Debug|x86.Build.0 = Debug|Any CPU
		{F1F90E00-135C-4250-8B8F-F7B53967013C}.Release|Any CPU.ActiveCfg = Release|Any CPU
		{F1F90E00-135C-4250-8B8F-F7B53967013C}.Release|Any CPU.Build.0 = Release|Any CPU
		{F1F90E00-135C-4250-8B8F-F7B53967013C}.Release|x64.ActiveCfg = Release|Any CPU
		{F1F90E00-135C-4250-8B8F-F7B53967013C}.Release|x64.Build.0 = Release|Any CPU
		{F1F90E00-135C-4250-8B8F-F7B53967013C}.Release|x86.ActiveCfg = Release|Any CPU
		{F1F90E00-135C-4250-8B8F-F7B53967013C}.Release|x86.Build.0 = Release|Any CPU
		{4B2B3E9F-8737-4DFA-B433-E77319401E44}.Debug|Any CPU.ActiveCfg = Debug|Any CPU
		{4B2B3E9F-8737-4DFA-B433-E77319401E44}.Debug|Any CPU.Build.0 = Debug|Any CPU
		{4B2B3E9F-8737-4DFA-B433-E77319401E44}.Debug|x64.ActiveCfg = Debug|Any CPU
		{4B2B3E9F-8737-4DFA-B433-E77319401E44}.Debug|x64.Build.0 = Debug|Any CPU
		{4B2B3E9F-8737-4DFA-B433-E77319401E44}.Debug|x86.ActiveCfg = Debug|Any CPU
		{4B2B3E9F-8737-4DFA-B433-E77319401E44}.Debug|x86.Build.0 = Debug|Any CPU
		{4B2B3E9F-8737-4DFA-B433-E77319401E44}.Release|Any CPU.ActiveCfg = Release|Any CPU
		{4B2B3E9F-8737-4DFA-B433-E77319401E44}.Release|Any CPU.Build.0 = Release|Any CPU
		{4B2B3E9F-8737-4DFA-B433-E77319401E44}.Release|x64.ActiveCfg = Release|Any CPU
		{4B2B3E9F-8737-4DFA-B433-E77319401E44}.Release|x64.Build.0 = Release|Any CPU
		{4B2B3E9F-8737-4DFA-B433-E77319401E44}.Release|x86.ActiveCfg = Release|Any CPU
		{4B2B3E9F-8737-4DFA-B433-E77319401E44}.Release|x86.Build.0 = Release|Any CPU
		{EBEE9AEA-F418-4C16-88A2-6B4F3BD594F3}.Debug|Any CPU.ActiveCfg = Debug|Any CPU
		{EBEE9AEA-F418-4C16-88A2-6B4F3BD594F3}.Debug|Any CPU.Build.0 = Debug|Any CPU
		{EBEE9AEA-F418-4C16-88A2-6B4F3BD594F3}.Debug|x64.ActiveCfg = Debug|Any CPU
		{EBEE9AEA-F418-4C16-88A2-6B4F3BD594F3}.Debug|x64.Build.0 = Debug|Any CPU
		{EBEE9AEA-F418-4C16-88A2-6B4F3BD594F3}.Debug|x86.ActiveCfg = Debug|Any CPU
		{EBEE9AEA-F418-4C16-88A2-6B4F3BD594F3}.Debug|x86.Build.0 = Debug|Any CPU
		{EBEE9AEA-F418-4C16-88A2-6B4F3BD594F3}.Release|Any CPU.ActiveCfg = Release|Any CPU
		{EBEE9AEA-F418-4C16-88A2-6B4F3BD594F3}.Release|Any CPU.Build.0 = Release|Any CPU
		{EBEE9AEA-F418-4C16-88A2-6B4F3BD594F3}.Release|x64.ActiveCfg = Release|Any CPU
		{EBEE9AEA-F418-4C16-88A2-6B4F3BD594F3}.Release|x64.Build.0 = Release|Any CPU
		{EBEE9AEA-F418-4C16-88A2-6B4F3BD594F3}.Release|x86.ActiveCfg = Release|Any CPU
		{EBEE9AEA-F418-4C16-88A2-6B4F3BD594F3}.Release|x86.Build.0 = Release|Any CPU
		{6488BFD1-0F41-414D-89FC-30799E41DAE0}.Debug|Any CPU.ActiveCfg = Debug|Any CPU
		{6488BFD1-0F41-414D-89FC-30799E41DAE0}.Debug|Any CPU.Build.0 = Debug|Any CPU
		{6488BFD1-0F41-414D-89FC-30799E41DAE0}.Debug|x64.ActiveCfg = Debug|Any CPU
		{6488BFD1-0F41-414D-89FC-30799E41DAE0}.Debug|x64.Build.0 = Debug|Any CPU
		{6488BFD1-0F41-414D-89FC-30799E41DAE0}.Debug|x86.ActiveCfg = Debug|Any CPU
		{6488BFD1-0F41-414D-89FC-30799E41DAE0}.Debug|x86.Build.0 = Debug|Any CPU
		{6488BFD1-0F41-414D-89FC-30799E41DAE0}.Release|Any CPU.ActiveCfg = Release|Any CPU
		{6488BFD1-0F41-414D-89FC-30799E41DAE0}.Release|Any CPU.Build.0 = Release|Any CPU
		{6488BFD1-0F41-414D-89FC-30799E41DAE0}.Release|x64.ActiveCfg = Release|Any CPU
		{6488BFD1-0F41-414D-89FC-30799E41DAE0}.Release|x64.Build.0 = Release|Any CPU
		{6488BFD1-0F41-414D-89FC-30799E41DAE0}.Release|x86.ActiveCfg = Release|Any CPU
		{6488BFD1-0F41-414D-89FC-30799E41DAE0}.Release|x86.Build.0 = Release|Any CPU
		{76E0279D-EF6E-4525-A529-6CF2343049A5}.Debug|Any CPU.ActiveCfg = Debug|Any CPU
		{76E0279D-EF6E-4525-A529-6CF2343049A5}.Debug|Any CPU.Build.0 = Debug|Any CPU
		{76E0279D-EF6E-4525-A529-6CF2343049A5}.Debug|x64.ActiveCfg = Debug|Any CPU
		{76E0279D-EF6E-4525-A529-6CF2343049A5}.Debug|x64.Build.0 = Debug|Any CPU
		{76E0279D-EF6E-4525-A529-6CF2343049A5}.Debug|x86.ActiveCfg = Debug|Any CPU
		{76E0279D-EF6E-4525-A529-6CF2343049A5}.Debug|x86.Build.0 = Debug|Any CPU
		{76E0279D-EF6E-4525-A529-6CF2343049A5}.Release|Any CPU.ActiveCfg = Release|Any CPU
		{76E0279D-EF6E-4525-A529-6CF2343049A5}.Release|Any CPU.Build.0 = Release|Any CPU
		{76E0279D-EF6E-4525-A529-6CF2343049A5}.Release|x64.ActiveCfg = Release|Any CPU
		{76E0279D-EF6E-4525-A529-6CF2343049A5}.Release|x64.Build.0 = Release|Any CPU
		{76E0279D-EF6E-4525-A529-6CF2343049A5}.Release|x86.ActiveCfg = Release|Any CPU
		{76E0279D-EF6E-4525-A529-6CF2343049A5}.Release|x86.Build.0 = Release|Any CPU
		{D3F371C7-FE00-47AE-804B-0C05B70BEBB0}.Debug|Any CPU.ActiveCfg = Debug|Any CPU
		{D3F371C7-FE00-47AE-804B-0C05B70BEBB0}.Debug|Any CPU.Build.0 = Debug|Any CPU
		{D3F371C7-FE00-47AE-804B-0C05B70BEBB0}.Debug|x64.ActiveCfg = Debug|Any CPU
		{D3F371C7-FE00-47AE-804B-0C05B70BEBB0}.Debug|x64.Build.0 = Debug|Any CPU
		{D3F371C7-FE00-47AE-804B-0C05B70BEBB0}.Debug|x86.ActiveCfg = Debug|Any CPU
		{D3F371C7-FE00-47AE-804B-0C05B70BEBB0}.Debug|x86.Build.0 = Debug|Any CPU
		{D3F371C7-FE00-47AE-804B-0C05B70BEBB0}.Release|Any CPU.ActiveCfg = Release|Any CPU
		{D3F371C7-FE00-47AE-804B-0C05B70BEBB0}.Release|Any CPU.Build.0 = Release|Any CPU
		{D3F371C7-FE00-47AE-804B-0C05B70BEBB0}.Release|x64.ActiveCfg = Release|Any CPU
		{D3F371C7-FE00-47AE-804B-0C05B70BEBB0}.Release|x64.Build.0 = Release|Any CPU
		{D3F371C7-FE00-47AE-804B-0C05B70BEBB0}.Release|x86.ActiveCfg = Release|Any CPU
		{D3F371C7-FE00-47AE-804B-0C05B70BEBB0}.Release|x86.Build.0 = Release|Any CPU
		{0B7FC2FA-8BBF-4093-8FB7-0438FE143904}.Debug|Any CPU.ActiveCfg = Debug|Any CPU
		{0B7FC2FA-8BBF-4093-8FB7-0438FE143904}.Debug|Any CPU.Build.0 = Debug|Any CPU
		{0B7FC2FA-8BBF-4093-8FB7-0438FE143904}.Debug|x64.ActiveCfg = Debug|Any CPU
		{0B7FC2FA-8BBF-4093-8FB7-0438FE143904}.Debug|x64.Build.0 = Debug|Any CPU
		{0B7FC2FA-8BBF-4093-8FB7-0438FE143904}.Debug|x86.ActiveCfg = Debug|Any CPU
		{0B7FC2FA-8BBF-4093-8FB7-0438FE143904}.Debug|x86.Build.0 = Debug|Any CPU
		{0B7FC2FA-8BBF-4093-8FB7-0438FE143904}.Release|Any CPU.ActiveCfg = Release|Any CPU
		{0B7FC2FA-8BBF-4093-8FB7-0438FE143904}.Release|Any CPU.Build.0 = Release|Any CPU
		{0B7FC2FA-8BBF-4093-8FB7-0438FE143904}.Release|x64.ActiveCfg = Release|Any CPU
		{0B7FC2FA-8BBF-4093-8FB7-0438FE143904}.Release|x64.Build.0 = Release|Any CPU
		{0B7FC2FA-8BBF-4093-8FB7-0438FE143904}.Release|x86.ActiveCfg = Release|Any CPU
		{0B7FC2FA-8BBF-4093-8FB7-0438FE143904}.Release|x86.Build.0 = Release|Any CPU
	EndGlobalSection
	GlobalSection(SolutionProperties) = preSolution
		HideSolutionNode = FALSE
	EndGlobalSection
	GlobalSection(NestedProjects) = preSolution
		{F1F90E00-135C-4250-8B8F-F7B53967013C} = {3A8DF596-E814-FECC-DD4B-D8EF8AAC1A0D}
		{4B2B3E9F-8737-4DFA-B433-E77319401E44} = {F95F473B-E98A-ACD6-1986-755F447BE36F}
		{EBEE9AEA-F418-4C16-88A2-6B4F3BD594F3} = {3A8DF596-E814-FECC-DD4B-D8EF8AAC1A0D}
		{6488BFD1-0F41-414D-89FC-30799E41DAE0} = {3A8DF596-E814-FECC-DD4B-D8EF8AAC1A0D}
		{76E0279D-EF6E-4525-A529-6CF2343049A5} = {3A8DF596-E814-FECC-DD4B-D8EF8AAC1A0D}
		{D3F371C7-FE00-47AE-804B-0C05B70BEBB0} = {3A8DF596-E814-FECC-DD4B-D8EF8AAC1A0D}
		{0B7FC2FA-8BBF-4093-8FB7-0438FE143904} = {CA253913-39DE-BFD0-C9A3-4B7EC6FBDF17}
	EndGlobalSection
EndGlobal
